{
  "lockfileVersion": 1,
  "configVersion": 1,
  "workspaces": {
    "": {
      "name": "n8n-compiler",
      "dependencies": {
        "oxc-parser": "^0.112.0",
      },
      "devDependencies": {
        "@types/bun": "latest",
      },
      "peerDependencies": {
        "typescript": "^5",
      },
    },
  },
  "packages": {
    "@emnapi/core": ["@emnapi/core@1.8.1", "", { "dependencies": { "@emnapi/wasi-threads": "1.1.0", "tslib": "^2.4.0" } }, "sha512-AvT9QFpxK0Zd8J0jopedNm+w/2fIzvtPKPjqyw9jwvBaReTTqPBk9Hixaz7KbjimP+QNz605/XnjFcDAL2pqBg=="],

    "@emnapi/runtime": ["@emnapi/runtime@1.8.1", "", { "dependencies": { "tslib": "^2.4.0" } }, "sha512-mehfKSMWjjNol8659Z8KxEMrdSJDDot5SXMq00dM8BN4o+CLNXQ0xH2V7EchNHV4RmbZLmmPdEaXZc5H2FXmDg=="],

    "@emnapi/wasi-threads": ["@emnapi/wasi-threads@1.1.0", "", { "dependencies": { "tslib": "^2.4.0" } }, "sha512-WI0DdZ8xFSbgMjR1sFsKABJ/C5OnRrjT06JXbZKexJGrDuPTzZdDYfFlsgcCXCyf+suG5QU2e/y1Wo2V/OapLQ=="],

    "@napi-rs/wasm-runtime": ["@napi-rs/wasm-runtime@1.1.1", "", { "dependencies": { "@emnapi/core": "^1.7.1", "@emnapi/runtime": "^1.7.1", "@tybys/wasm-util": "^0.10.1" } }, "sha512-p64ah1M1ld8xjWv3qbvFwHiFVWrq1yFvV4f7w+mzaqiR4IlSgkqhcRdHwsGgomwzBH51sRY4NEowLxnaBjcW/A=="],

    "@oxc-parser/binding-android-arm-eabi": ["@oxc-parser/binding-android-arm-eabi@0.112.0", "", { "os": "android", "cpu": "arm" }, "sha512-retxBzJ39Da7Lh/eZTn9+HJgTeDUxZIpuI0urOsmcFsBKXAth3lc1jIvwseQ9qbAI/VrsoFOXiGIzgclARbAHg=="],

    "@oxc-parser/binding-android-arm64": ["@oxc-parser/binding-android-arm64@0.112.0", "", { "os": "android", "cpu": "arm64" }, "sha512-pRkbBRbuIIsufUWpOJ+JHWfJFNupkidy4sbjfcm37e6xwYrn9LSKMLubPHvNaL1Zf92ZRhGiwaYkEcmaFg2VcA=="],

    "@oxc-parser/binding-darwin-arm64": ["@oxc-parser/binding-darwin-arm64@0.112.0", "", { "os": "darwin", "cpu": "arm64" }, "sha512-fh6/KQL/cbH5DukT3VkdCqnULLuvVnszVKySD5IgSE0WZb32YZo/cPsPdEv052kk6w3N4agu+NTiMnZjcvhUIg=="],

    "@oxc-parser/binding-darwin-x64": ["@oxc-parser/binding-darwin-x64@0.112.0", "", { "os": "darwin", "cpu": "x64" }, "sha512-vUBOOY1E30vlu/DoTGDoT1UbLlwu5Yv9tqeBabAwRzwNDz8Skho16VKhsBDUiyqddtpsR3//v6vNk38w4c+6IA=="],

    "@oxc-parser/binding-freebsd-x64": ["@oxc-parser/binding-freebsd-x64@0.112.0", "", { "os": "freebsd", "cpu": "x64" }, "sha512-hnEtO/9AVnYWzrgnp6L+oPs/6UqlFeteUL6n7magkd2tttgmx1C01hyNNh6nTpZfLzEVJSNJ0S+4NTsK2q2CxA=="],

    "@oxc-parser/binding-linux-arm-gnueabihf": ["@oxc-parser/binding-linux-arm-gnueabihf@0.112.0", "", { "os": "linux", "cpu": "arm" }, "sha512-WxJrUz3pcIc2hp4lvJbvt/sTL33oX9NPvkD3vDDybE6tc0V++rS+hNOJxwXdD2FDIFPkHs/IEn5asEZFVH+VKw=="],

    "@oxc-parser/binding-linux-arm-musleabihf": ["@oxc-parser/binding-linux-arm-musleabihf@0.112.0", "", { "os": "linux", "cpu": "arm" }, "sha512-jj8A8WWySaJQqM9XKAIG8U2Q3qxhFQKrXPWv98d1oC35at+L1h+C+V4M3l8BAKhpHKCu3dYlloaAbHd5q1Hw6A=="],

    "@oxc-parser/binding-linux-arm64-gnu": ["@oxc-parser/binding-linux-arm64-gnu@0.112.0", "", { "os": "linux", "cpu": "arm64" }, "sha512-G2F8H6FcAExVK5vvhpSh61tqWx5QoaXXUnSsj5FyuDiFT/K7AMMVSQVqnZREDc+YxhrjB0vnKjCcuobXK63kIw=="],

    "@oxc-parser/binding-linux-arm64-musl": ["@oxc-parser/binding-linux-arm64-musl@0.112.0", "", { "os": "linux", "cpu": "arm64" }, "sha512-3R0iqjM3xYOZCnwgcxOQXH7hrz64/USDIuLbNTM1kZqQzRqaR4w7SwoWKU934zABo8d0op2oSwOp+CV3hZnM7A=="],

    "@oxc-parser/binding-linux-ppc64-gnu": ["@oxc-parser/binding-linux-ppc64-gnu@0.112.0", "", { "os": "linux", "cpu": "ppc64" }, "sha512-lAQf8PQxfgy7h0bmcfSVE3hg3qMueshPYULFsCrHM+8KefGZ9W+ZMvRyU33gLrB4w1O3Fz1orR0hmKMCRxXNrQ=="],

    "@oxc-parser/binding-linux-riscv64-gnu": ["@oxc-parser/binding-linux-riscv64-gnu@0.112.0", "", { "os": "linux", "cpu": "none" }, "sha512-2QlvQBUhHuAE3ezD4X3CAEKMXdfgInggQ5Bj/7gb5NcYP3GyfLTj7c+mMu+BRwfC9B3AXBNyqHWbqEuuUvZyRQ=="],

    "@oxc-parser/binding-linux-riscv64-musl": ["@oxc-parser/binding-linux-riscv64-musl@0.112.0", "", { "os": "linux", "cpu": "none" }, "sha512-v06iu0osHszgqJ1dLQRb6leWFU1sjG/UQk4MoVBtE6ZPewgfTkby6G9II1SpEAf2onnAuQceVYxQH9iuU3NJqw=="],

    "@oxc-parser/binding-linux-s390x-gnu": ["@oxc-parser/binding-linux-s390x-gnu@0.112.0", "", { "os": "linux", "cpu": "s390x" }, "sha512-+5HhNHtxsdcd7+ljXFnn9FOoCNXJX3UPgIfIE6vdwS1HqdGNH6eAcVobuqGOp54l8pvcxDQA6F4cPswCgLrQfQ=="],

    "@oxc-parser/binding-linux-x64-gnu": ["@oxc-parser/binding-linux-x64-gnu@0.112.0", "", { "os": "linux", "cpu": "x64" }, "sha512-jKwO7ZLNkjxwg7FoCLw+fJszooL9yXRZsDN0AQ1AQUTWq1l8GH/2e44k68N3fcP19jl8O8jGpqLAZcQTYk6skA=="],

    "@oxc-parser/binding-linux-x64-musl": ["@oxc-parser/binding-linux-x64-musl@0.112.0", "", { "os": "linux", "cpu": "x64" }, "sha512-TYqnuKV/p3eOc+N61E0961nA7DC+gaCeJ3+V2LcjJdTwFMdikqWL6uVk1jlrpUCBrozHDATVUKDZYH7r4FQYjQ=="],

    "@oxc-parser/binding-openharmony-arm64": ["@oxc-parser/binding-openharmony-arm64@0.112.0", "", { "os": "none", "cpu": "arm64" }, "sha512-ZhrVmWFifVEFQX4XPwLoVFDHw9tAWH9p9vHsHFH+5uCKdfVR+jje4WxVo6YrokWCboGckoOzHq5KKMOcPZfkRg=="],

    "@oxc-parser/binding-wasm32-wasi": ["@oxc-parser/binding-wasm32-wasi@0.112.0", "", { "dependencies": { "@napi-rs/wasm-runtime": "^1.1.1" }, "cpu": "none" }, "sha512-Gr8X2PUU3hX1g3F5oLWIZB8DhzDmjr5TfOrmn5tlBOo9l8ojPGdKjnIBfObM7X15928vza8QRKW25RTR7jfivg=="],

    "@oxc-parser/binding-win32-arm64-msvc": ["@oxc-parser/binding-win32-arm64-msvc@0.112.0", "", { "os": "win32", "cpu": "arm64" }, "sha512-t5CDLbU70Ea88bGRhvU/dLJTc/Wcrtf2Jp534E8P3cgjAvHDjdKsfDDqBZrhybJ8Jv9v9vW5ngE40EK51BluDA=="],

    "@oxc-parser/binding-win32-ia32-msvc": ["@oxc-parser/binding-win32-ia32-msvc@0.112.0", "", { "os": "win32", "cpu": "ia32" }, "sha512-rZH0JynCCwnhe2HfRoyNOl/Kfd9pudoWxgpC5OZhj7j77pMK0UOAa35hYDfrtSOUk2HLzrikV5dPUOY2DpSBSA=="],

    "@oxc-parser/binding-win32-x64-msvc": ["@oxc-parser/binding-win32-x64-msvc@0.112.0", "", { "os": "win32", "cpu": "x64" }, "sha512-oGHluohzmVFAuQrkEnl1OXAxMz2aYmimxUqIgKXpBgbr7PvFv0doELB273sX+5V3fKeggohKg1A2Qq21W9Z9cQ=="],

    "@oxc-project/types": ["@oxc-project/types@0.112.0", "", {}, "sha512-m6RebKHIRsax2iCwVpYW2ErQwa4ywHJrE4sCK3/8JK8ZZAWOKXaRJFl/uP51gaVyyXlaS4+chU1nSCdzYf6QqQ=="],

    "@tybys/wasm-util": ["@tybys/wasm-util@0.10.1", "", { "dependencies": { "tslib": "^2.4.0" } }, "sha512-9tTaPJLSiejZKx+Bmog4uSubteqTvFrVrURwkmHixBo0G4seD0zUxp98E1DzUBJxLQ3NPwXrGKDiVjwx/DpPsg=="],

    "@types/bun": ["@types/bun@1.3.9", "", { "dependencies": { "bun-types": "1.3.9" } }, "sha512-KQ571yULOdWJiMH+RIWIOZ7B2RXQGpL1YQrBtLIV3FqDcCu6FsbFUBwhdKUlCKUpS3PJDsHlJ1QKlpxoVR+xtw=="],

    "@types/node": ["@types/node@25.2.3", "", { "dependencies": { "undici-types": "~7.16.0" } }, "sha512-m0jEgYlYz+mDJZ2+F4v8D1AyQb+QzsNqRuI7xg1VQX/KlKS0qT9r1Mo16yo5F/MtifXFgaofIFsdFMox2SxIbQ=="],

    "bun-types": ["bun-types@1.3.9", "", { "dependencies": { "@types/node": "*" } }, "sha512-+UBWWOakIP4Tswh0Bt0QD0alpTY8cb5hvgiYeWCMet9YukHbzuruIEeXC2D7nMJPB12kbh8C7XJykSexEqGKJg=="],

    "oxc-parser": ["oxc-parser@0.112.0", "", { "dependencies": { "@oxc-project/types": "^0.112.0" }, "optionalDependencies": { "@oxc-parser/binding-android-arm-eabi": "0.112.0", "@oxc-parser/binding-android-arm64": "0.112.0", "@oxc-parser/binding-darwin-arm64": "0.112.0", "@oxc-parser/binding-darwin-x64": "0.112.0", "@oxc-parser/binding-freebsd-x64": "0.112.0", "@oxc-parser/binding-linux-arm-gnueabihf": "0.112.0", "@oxc-parser/binding-linux-arm-musleabihf": "0.112.0", "@oxc-parser/binding-linux-arm64-gnu": "0.112.0", "@oxc-parser/binding-linux-arm64-musl": "0.112.0", "@oxc-parser/binding-linux-ppc64-gnu": "0.112.0", "@oxc-parser/binding-linux-riscv64-gnu": "0.112.0", "@oxc-parser/binding-linux-riscv64-musl": "0.112.0", "@oxc-parser/binding-linux-s390x-gnu": "0.112.0", "@oxc-parser/binding-linux-x64-gnu": "0.112.0", "@oxc-parser/binding-linux-x64-musl": "0.112.0", "@oxc-parser/binding-openharmony-arm64": "0.112.0", "@oxc-parser/binding-wasm32-wasi": "0.112.0", "@oxc-parser/binding-win32-arm64-msvc": "0.112.0", "@oxc-parser/binding-win32-ia32-msvc": "0.112.0", "@oxc-parser/binding-win32-x64-msvc": "0.112.0" } }, "sha512-7rQ3QdJwobMQLMZwQaPuPYMEF2fDRZwf51lZ//V+bA37nejjKW5ifMHbbCwvA889Y4RLhT+/wLJpPRhAoBaZYw=="],

    "tslib": ["tslib@2.8.1", "", {}, "sha512-oJFu94HQb+KVduSUQL7wnpmqnfmLsOA/nAh6b6EH0wCEoK0/mPeXU6c3wKDV83MkOuHPRHtSXKKU99IBazS/2w=="],

    "typescript": ["typescript@5.9.3", "", { "bin": { "tsc": "bin/tsc", "tsserver": "bin/tsserver" } }, "sha512-jl1vZzPDinLr9eUt3J/t7V6FgNEw9QjvBPdysz9KfQDD41fQrC2Y4vKQdiaUpFT4bXlb1RHhLpp8wtm6M5TgSw=="],

    "undici-types": ["undici-types@7.16.0", "", {}, "sha512-Zz+aZWSj8LE6zoxD+xrjh4VfkIG8Ya6LvYkZqtUQGJPZjYl53ypCaUwWqo7eI0x66KBGeRo+mlBEkMSeSZ38Nw=="],
  }
}
